
Microsoft Visual Studio Solution File, Format Version 12.00
# Visual Studio 15
VisualStudioVersion = 15.0.27703.2047
MinimumVisualStudioVersion = 10.0.40219.1
Project("{FAE04EC0-301F-11D3-BF4B-00C04F79EFBC}") = "FirstASPnetCoreProjectBookList", "FirstASPnetCoreProjectBookList\FirstASPnetCoreProjectBookList.csproj", "{B8148603-E31D-4600-9AC2-7C690BF1CE5B}"
EndProject
Global
	GlobalSection(SolutionConfigurationPlatforms) = preSolution
		Debug|Any CPU = Debug|Any CPU
		Release|Any CPU = Release|Any CPU
	EndGlobalSection
	GlobalSection(ProjectConfigurationPlatforms) = postSolution
		{B8148603-E31D-4600-9AC2-7C690BF1CE5B}.Debug|Any CPU.ActiveCfg = Debug|Any CPU
		{B8148603-E31D-4600-9AC2-7C690BF1CE5B}.Debug|Any CPU.Build.0 = Debug|Any CPU
		{B8148603-E31D-4600-9AC2-7C690BF1CE5B}.Release|Any CPU.ActiveCfg = Release|Any CPU
		{B8148603-E31D-4600-9AC2-7C690BF1CE5B}.Release|Any CPU.Build.0 = Release|Any CPU
	EndGlobalSection
	GlobalSection(SolutionProperties) = preSolution
		HideSolutionNode = FALSE
	EndGlobalSection
	GlobalSection(ExtensibilityGlobals) = postSolution
		SolutionGuid = {50C0DD47-F5CB-48FE-982C-70E554C3BE0C}
	EndGlobalSection
EndGlobal
